
Microsoft Visual Studio Solution File, Format Version 12.00
# Visual Studio Version 17
VisualStudioVersion = 17.6.33815.320
MinimumVisualStudioVersion = 10.0.40219.1
Project("{9A19103F-16F7-4668-BE54-9A1E7A4F7556}") = "Advertisement Message", "Advertisement Message\Advertisement Message.csproj", "{DBF3F874-B479-4663-A347-D48151AF522A}"
EndProject
Project("{9A19103F-16F7-4668-BE54-9A1E7A4F7556}") = "Articles", "Articles\Articles.csproj", "{8352A111-A7F3-4834-81FF-8B61FB05B2B5}"
EndProject
Project("{9A19103F-16F7-4668-BE54-9A1E7A4F7556}") = "Articles 2.0", "Articles 2.0\Articles 2.0.csproj", "{A03D10F2-CAEB-4D3B-AC6F-ADA40D9B8395}"
EndProject
Project("{9A19103F-16F7-4668-BE54-9A1E7A4F7556}") = "Students", "Students\Students.csproj", "{C3EE166C-C42A-40A3-82B3-1465D45F1570}"
EndProject
Project("{9A19103F-16F7-4668-BE54-9A1E7A4F7556}") = "Teamwork Projects", "Teamwork Projects\Teamwork Projects.csproj", "{587E5E96-5F3B-4D6A-89BB-561205E05497}"
EndProject
Project("{9A19103F-16F7-4668-BE54-9A1E7A4F7556}") = "Vehicle Catalogue", "Vehicle Catalogue\Vehicle Catalogue.csproj", "{ACB0CA40-7EDE-4785-9897-299816B47414}"
EndProject
Project("{FAE04EC0-301F-11D3-BF4B-00C04F79EFBC}") = "Order by Age", "Order by Age\Order by Age.csproj", "{5F4CC240-D593-494E-9F5F-9A7EECF303AA}"
EndProject
Global
	GlobalSection(SolutionConfigurationPlatforms) = preSolution
		Debug|Any CPU = Debug|Any CPU
		Release|Any CPU = Release|Any CPU
	EndGlobalSection
	GlobalSection(ProjectConfigurationPlatforms) = postSolution
		{DBF3F874-B479-4663-A347-D48151AF522A}.Debug|Any CPU.ActiveCfg = Debug|Any CPU
		{DBF3F874-B479-4663-A347-D48151AF522A}.Debug|Any CPU.Build.0 = Debug|Any CPU
		{DBF3F874-B479-4663-A347-D48151AF522A}.Release|Any CPU.ActiveCfg = Release|Any CPU
		{DBF3F874-B479-4663-A347-D48151AF522A}.Release|Any CPU.Build.0 = Release|Any CPU
		{8352A111-A7F3-4834-81FF-8B61FB05B2B5}.Debug|Any CPU.ActiveCfg = Debug|Any CPU
		{8352A111-A7F3-4834-81FF-8B61FB05B2B5}.Debug|Any CPU.Build.0 = Debug|Any CPU
		{8352A111-A7F3-4834-81FF-8B61FB05B2B5}.Release|Any CPU.ActiveCfg = Release|Any CPU
		{8352A111-A7F3-4834-81FF-8B61FB05B2B5}.Release|Any CPU.Build.0 = Release|Any CPU
		{A03D10F2-CAEB-4D3B-AC6F-ADA40D9B8395}.Debug|Any CPU.ActiveCfg = Debug|Any CPU
		{A03D10F2-CAEB-4D3B-AC6F-ADA40D9B8395}.Debug|Any CPU.Build.0 = Debug|Any CPU
		{A03D10F2-CAEB-4D3B-AC6F-ADA40D9B8395}.Release|Any CPU.ActiveCfg = Release|Any CPU
		{A03D10F2-CAEB-4D3B-AC6F-ADA40D9B8395}.Release|Any CPU.Build.0 = Release|Any CPU
		{C3EE166C-C42A-40A3-82B3-1465D45F1570}.Debug|Any CPU.ActiveCfg = Debug|Any CPU
		{C3EE166C-C42A-40A3-82B3-1465D45F1570}.Debug|Any CPU.Build.0 = Debug|Any CPU
		{C3EE166C-C42A-40A3-82B3-1465D45F1570}.Release|Any CPU.ActiveCfg = Release|Any CPU
		{C3EE166C-C42A-40A3-82B3-1465D45F1570}.Release|Any CPU.Build.0 = Release|Any CPU
		{587E5E96-5F3B-4D6A-89BB-561205E05497}.Debug|Any CPU.ActiveCfg = Debug|Any CPU
		{587E5E96-5F3B-4D6A-89BB-561205E05497}.Debug|Any CPU.Build.0 = Debug|Any CPU
		{587E5E96-5F3B-4D6A-89BB-561205E05497}.Release|Any CPU.ActiveCfg = Release|Any CPU
		{587E5E96-5F3B-4D6A-89BB-561205E05497}.Release|Any CPU.Build.0 = Release|Any CPU
		{ACB0CA40-7EDE-4785-9897-299816B47414}.Debug|Any CPU.ActiveCfg = Debug|Any CPU
		{ACB0CA40-7EDE-4785-9897-299816B47414}.Debug|Any CPU.Build.0 = Debug|Any CPU
		{ACB0CA40-7EDE-4785-9897-299816B47414}.Release|Any CPU.ActiveCfg = Release|Any CPU
		{ACB0CA40-7EDE-4785-9897-299816B47414}.Release|Any CPU.Build.0 = Release|Any CPU
		{5F4CC240-D593-494E-9F5F-9A7EECF303AA}.Debug|Any CPU.ActiveCfg = Debug|Any CPU
		{5F4CC240-D593-494E-9F5F-9A7EECF303AA}.Debug|Any CPU.Build.0 = Debug|Any CPU
		{5F4CC240-D593-494E-9F5F-9A7EECF303AA}.Release|Any CPU.ActiveCfg = Release|Any CPU
		{5F4CC240-D593-494E-9F5F-9A7EECF303AA}.Release|Any CPU.Build.0 = Release|Any CPU
	EndGlobalSection
	GlobalSection(SolutionProperties) = preSolution
		HideSolutionNode = FALSE
	EndGlobalSection
	GlobalSection(ExtensibilityGlobals) = postSolution
		SolutionGuid = {F4859B93-EF50-4F9F-8AF3-7A4B29F0B252}
	EndGlobalSection
EndGlobal
