
Microsoft Visual Studio Solution File, Format Version 12.00
# Visual Studio Version 17
VisualStudioVersion = 17.6.33815.320
MinimumVisualStudioVersion = 10.0.40219.1
Project("{9A19103F-16F7-4668-BE54-9A1E7A4F7556}") = "Reverse Strings", "Reverse Strings\Reverse Strings.csproj", "{93107F59-1575-445B-9A31-E285DC974BCD}"
EndProject
Project("{9A19103F-16F7-4668-BE54-9A1E7A4F7556}") = "Repeat Strings", "Repeat Strings\Repeat Strings.csproj", "{B9B0F26B-19F4-4DC6-8C90-E41868AB1373}"
EndProject
Project("{FAE04EC0-301F-11D3-BF4B-00C04F79EFBC}") = "Substring", "Substring\Substring.csproj", "{B8C60561-DF13-4BA8-9A6D-71D969398FB2}"
EndProject
Project("{FAE04EC0-301F-11D3-BF4B-00C04F79EFBC}") = "Text Filter", "Text Filter\Text Filter.csproj", "{79816A99-6661-4DB9-B8C8-0347D1BBA7DE}"
EndProject
Project("{FAE04EC0-301F-11D3-BF4B-00C04F79EFBC}") = "Digits, Letters and Other", "Digits, Letters and Other\Digits, Letters and Other.csproj", "{718736CD-514F-47C8-9F3B-A989FB9F19B9}"
EndProject
Global
	GlobalSection(SolutionConfigurationPlatforms) = preSolution
		Debug|Any CPU = Debug|Any CPU
		Release|Any CPU = Release|Any CPU
	EndGlobalSection
	GlobalSection(ProjectConfigurationPlatforms) = postSolution
		{93107F59-1575-445B-9A31-E285DC974BCD}.Debug|Any CPU.ActiveCfg = Debug|Any CPU
		{93107F59-1575-445B-9A31-E285DC974BCD}.Debug|Any CPU.Build.0 = Debug|Any CPU
		{93107F59-1575-445B-9A31-E285DC974BCD}.Release|Any CPU.ActiveCfg = Release|Any CPU
		{93107F59-1575-445B-9A31-E285DC974BCD}.Release|Any CPU.Build.0 = Release|Any CPU
		{B9B0F26B-19F4-4DC6-8C90-E41868AB1373}.Debug|Any CPU.ActiveCfg = Debug|Any CPU
		{B9B0F26B-19F4-4DC6-8C90-E41868AB1373}.Debug|Any CPU.Build.0 = Debug|Any CPU
		{B9B0F26B-19F4-4DC6-8C90-E41868AB1373}.Release|Any CPU.ActiveCfg = Release|Any CPU
		{B9B0F26B-19F4-4DC6-8C90-E41868AB1373}.Release|Any CPU.Build.0 = Release|Any CPU
		{B8C60561-DF13-4BA8-9A6D-71D969398FB2}.Debug|Any CPU.ActiveCfg = Debug|Any CPU
		{B8C60561-DF13-4BA8-9A6D-71D969398FB2}.Debug|Any CPU.Build.0 = Debug|Any CPU
		{B8C60561-DF13-4BA8-9A6D-71D969398FB2}.Release|Any CPU.ActiveCfg = Release|Any CPU
		{B8C60561-DF13-4BA8-9A6D-71D969398FB2}.Release|Any CPU.Build.0 = Release|Any CPU
		{79816A99-6661-4DB9-B8C8-0347D1BBA7DE}.Debug|Any CPU.ActiveCfg = Debug|Any CPU
		{79816A99-6661-4DB9-B8C8-0347D1BBA7DE}.Debug|Any CPU.Build.0 = Debug|Any CPU
		{79816A99-6661-4DB9-B8C8-0347D1BBA7DE}.Release|Any CPU.ActiveCfg = Release|Any CPU
		{79816A99-6661-4DB9-B8C8-0347D1BBA7DE}.Release|Any CPU.Build.0 = Release|Any CPU
		{718736CD-514F-47C8-9F3B-A989FB9F19B9}.Debug|Any CPU.ActiveCfg = Debug|Any CPU
		{718736CD-514F-47C8-9F3B-A989FB9F19B9}.Debug|Any CPU.Build.0 = Debug|Any CPU
		{718736CD-514F-47C8-9F3B-A989FB9F19B9}.Release|Any CPU.ActiveCfg = Release|Any CPU
		{718736CD-514F-47C8-9F3B-A989FB9F19B9}.Release|Any CPU.Build.0 = Release|Any CPU
	EndGlobalSection
	GlobalSection(SolutionProperties) = preSolution
		HideSolutionNode = FALSE
	EndGlobalSection
	GlobalSection(ExtensibilityGlobals) = postSolution
		SolutionGuid = {FF32A61A-2139-4694-9F2A-9755F90B929F}
	EndGlobalSection
EndGlobal
