
Microsoft Visual Studio Solution File, Format Version 12.00
# Visual Studio Version 17
VisualStudioVersion = 17.6.33815.320
MinimumVisualStudioVersion = 10.0.40219.1
Project("{9A19103F-16F7-4668-BE54-9A1E7A4F7556}") = "Company Roster", "Company Roster\Company Roster.csproj", "{0BC45836-09E3-4D9A-9AB9-42B49505CE27}"
EndProject
Project("{9A19103F-16F7-4668-BE54-9A1E7A4F7556}") = "Oldest Family Member", "Oldest Family Member\Oldest Family Member.csproj", "{A2557EE0-6D9F-41CB-AEB1-7403BAC97029}"
EndProject
Project("{9A19103F-16F7-4668-BE54-9A1E7A4F7556}") = "Speed Racing", "Speed Racing\Speed Racing.csproj", "{58CA8164-686A-4C7D-8269-7FED7F9E5037}"
EndProject
Project("{FAE04EC0-301F-11D3-BF4B-00C04F79EFBC}") = "Raw Data", "Raw Data\Raw Data.csproj", "{D1F8C4FF-32F7-4A8E-A816-328375DB27BB}"
EndProject
Project("{FAE04EC0-301F-11D3-BF4B-00C04F79EFBC}") = "Shopping Spree", "Shopping Spree\Shopping Spree.csproj", "{99BDBD48-1595-4A30-A18F-D5CBA263BCB4}"
EndProject
Global
	GlobalSection(SolutionConfigurationPlatforms) = preSolution
		Debug|Any CPU = Debug|Any CPU
		Release|Any CPU = Release|Any CPU
	EndGlobalSection
	GlobalSection(ProjectConfigurationPlatforms) = postSolution
		{0BC45836-09E3-4D9A-9AB9-42B49505CE27}.Debug|Any CPU.ActiveCfg = Debug|Any CPU
		{0BC45836-09E3-4D9A-9AB9-42B49505CE27}.Debug|Any CPU.Build.0 = Debug|Any CPU
		{0BC45836-09E3-4D9A-9AB9-42B49505CE27}.Release|Any CPU.ActiveCfg = Release|Any CPU
		{0BC45836-09E3-4D9A-9AB9-42B49505CE27}.Release|Any CPU.Build.0 = Release|Any CPU
		{A2557EE0-6D9F-41CB-AEB1-7403BAC97029}.Debug|Any CPU.ActiveCfg = Debug|Any CPU
		{A2557EE0-6D9F-41CB-AEB1-7403BAC97029}.Debug|Any CPU.Build.0 = Debug|Any CPU
		{A2557EE0-6D9F-41CB-AEB1-7403BAC97029}.Release|Any CPU.ActiveCfg = Release|Any CPU
		{A2557EE0-6D9F-41CB-AEB1-7403BAC97029}.Release|Any CPU.Build.0 = Release|Any CPU
		{58CA8164-686A-4C7D-8269-7FED7F9E5037}.Debug|Any CPU.ActiveCfg = Debug|Any CPU
		{58CA8164-686A-4C7D-8269-7FED7F9E5037}.Debug|Any CPU.Build.0 = Debug|Any CPU
		{58CA8164-686A-4C7D-8269-7FED7F9E5037}.Release|Any CPU.ActiveCfg = Release|Any CPU
		{58CA8164-686A-4C7D-8269-7FED7F9E5037}.Release|Any CPU.Build.0 = Release|Any CPU
		{D1F8C4FF-32F7-4A8E-A816-328375DB27BB}.Debug|Any CPU.ActiveCfg = Debug|Any CPU
		{D1F8C4FF-32F7-4A8E-A816-328375DB27BB}.Debug|Any CPU.Build.0 = Debug|Any CPU
		{D1F8C4FF-32F7-4A8E-A816-328375DB27BB}.Release|Any CPU.ActiveCfg = Release|Any CPU
		{D1F8C4FF-32F7-4A8E-A816-328375DB27BB}.Release|Any CPU.Build.0 = Release|Any CPU
		{99BDBD48-1595-4A30-A18F-D5CBA263BCB4}.Debug|Any CPU.ActiveCfg = Debug|Any CPU
		{99BDBD48-1595-4A30-A18F-D5CBA263BCB4}.Debug|Any CPU.Build.0 = Debug|Any CPU
		{99BDBD48-1595-4A30-A18F-D5CBA263BCB4}.Release|Any CPU.ActiveCfg = Release|Any CPU
		{99BDBD48-1595-4A30-A18F-D5CBA263BCB4}.Release|Any CPU.Build.0 = Release|Any CPU
	EndGlobalSection
	GlobalSection(SolutionProperties) = preSolution
		HideSolutionNode = FALSE
	EndGlobalSection
	GlobalSection(ExtensibilityGlobals) = postSolution
		SolutionGuid = {DA0122ED-FC7F-4583-B06F-425C9504F6EE}
	EndGlobalSection
EndGlobal
